// !$*UTF8*$!
{
	archiveVersion = 1;
	classes = {
	};
	objectVersion = 56;
	objects = {

/* Begin PBXBuildFile section */
		A10000000000000000000001 /* HowLeftApp.swift in Sources */ = {isa = PBXBuildFile; fileRef = A20000000000000000000001 /* HowLeftApp.swift */; };
		A10000000000000000000002 /* AppState.swift in Sources */ = {isa = PBXBuildFile; fileRef = A20000000000000000000002 /* AppState.swift */; };
		A10000000000000000000003 /* Account.swift in Sources */ = {isa = PBXBuildFile; fileRef = A20000000000000000000003 /* Account.swift */; };
		A10000000000000000000004 /* DeepSeekClient.swift in Sources */ = {isa = PBXBuildFile; fileRef = A20000000000000000000004 /* DeepSeekClient.swift */; };
		A10000000000000000000005 /* BalanceResponse.swift in Sources */ = {isa = PBXBuildFile; fileRef = A20000000000000000000005 /* BalanceResponse.swift */; };
		A10000000000000000000006 /* DeepSeekError.swift in Sources */ = {isa = PBXBuildFile; fileRef = A20000000000000000000006 /* DeepSeekError.swift */; };
		A10000000000000000000007 /* KeychainStore.swift in Sources */ = {isa = PBXBuildFile; fileRef = A20000000000000000000007 /* KeychainStore.swift */; };
		A10000000000000000000008 /* AppSettings.swift in Sources */ = {isa = PBXBuildFile; fileRef = A20000000000000000000008 /* AppSettings.swift */; };
		A10000000000000000000009 /* BalancePoller.swift in Sources */ = {isa = PBXBuildFile; fileRef = A20000000000000000000009 /* BalancePoller.swift */; };
		A1000000000000000000000A /* NotificationManager.swift in Sources */ = {isa = PBXBuildFile; fileRef = A2000000000000000000000A /* NotificationManager.swift */; };
		A1000000000000000000000B /* MenuBarView.swift in Sources */ = {isa = PBXBuildFile; fileRef = A2000000000000000000000B /* MenuBarView.swift */; };
		A1000000000000000000000C /* PopupView.swift in Sources */ = {isa = PBXBuildFile; fileRef = A2000000000000000000000C /* PopupView.swift */; };
		A1000000000000000000000D /* SettingsView.swift in Sources */ = {isa = PBXBuildFile; fileRef = A2000000000000000000000D /* SettingsView.swift */; };
		A1000000000000000000000E /* Assets.xcassets in Resources */ = {isa = PBXBuildFile; fileRef = A20000000000000000000010 /* Assets.xcassets */; };
		A1000000000000000000000F /* AppIcon.icns in Resources */ = {isa = PBXBuildFile; fileRef = A20000000000000000000011 /* AppIcon.icns */; };
/* End PBXBuildFile section */

/* Begin PBXFileReference section */
		A20000000000000000000001 /* HowLeftApp.swift */ = {isa = PBXFileReference; lastKnownFileType = sourcecode.swift; path = HowLeftApp.swift; sourceTree = "<group>"; };
		A20000000000000000000002 /* AppState.swift */ = {isa = PBXFileReference; lastKnownFileType = sourcecode.swift; path = AppState.swift; sourceTree = "<group>"; };
		A20000000000000000000003 /* Account.swift */ = {isa = PBXFileReference; lastKnownFileType = sourcecode.swift; path = Account.swift; sourceTree = "<group>"; };
		A20000000000000000000004 /* DeepSeekClient.swift */ = {isa = PBXFileReference; lastKnownFileType = sourcecode.swift; path = DeepSeekClient.swift; sourceTree = "<group>"; };
		A20000000000000000000005 /* BalanceResponse.swift */ = {isa = PBXFileReference; lastKnownFileType = sourcecode.swift; path = BalanceResponse.swift; sourceTree = "<group>"; };
		A20000000000000000000006 /* DeepSeekError.swift */ = {isa = PBXFileReference; lastKnownFileType = sourcecode.swift; path = DeepSeekError.swift; sourceTree = "<group>"; };
		A20000000000000000000007 /* KeychainStore.swift */ = {isa = PBXFileReference; lastKnownFileType = sourcecode.swift; path = KeychainStore.swift; sourceTree = "<group>"; };
		A20000000000000000000008 /* AppSettings.swift */ = {isa = PBXFileReference; lastKnownFileType = sourcecode.swift; path = AppSettings.swift; sourceTree = "<group>"; };
		A20000000000000000000009 /* BalancePoller.swift */ = {isa = PBXFileReference; lastKnownFileType = sourcecode.swift; path = BalancePoller.swift; sourceTree = "<group>"; };
		A2000000000000000000000A /* NotificationManager.swift */ = {isa = PBXFileReference; lastKnownFileType = sourcecode.swift; path = NotificationManager.swift; sourceTree = "<group>"; };
		A2000000000000000000000B /* MenuBarView.swift */ = {isa = PBXFileReference; lastKnownFileType = sourcecode.swift; path = MenuBarView.swift; sourceTree = "<group>"; };
		A2000000000000000000000C /* PopupView.swift */ = {isa = PBXFileReference; lastKnownFileType = sourcecode.swift; path = PopupView.swift; sourceTree = "<group>"; };
		A2000000000000000000000D /* SettingsView.swift */ = {isa = PBXFileReference; lastKnownFileType = sourcecode.swift; path = SettingsView.swift; sourceTree = "<group>"; };
		A2000000000000000000000E /* Info.plist */ = {isa = PBXFileReference; lastKnownFileType = text.plist.xml; path = Info.plist; sourceTree = "<group>"; };
		A2000000000000000000000F /* HowLeft.entitlements */ = {isa = PBXFileReference; lastKnownFileType = text.plist.entitlements; path = HowLeft.entitlements; sourceTree = "<group>"; };
		A20000000000000000000010 /* Assets.xcassets */ = {isa = PBXFileReference; lastKnownFileType = folder.assetcatalog; path = Assets.xcassets; sourceTree = "<group>"; };
		A20000000000000000000011 /* AppIcon.icns */ = {isa = PBXFileReference; lastKnownFileType = image.icns; path = Resources/AppIcon.icns; sourceTree = "<group>"; };
		A30000000000000000000001 /* HowLeft.app */ = {isa = PBXFileReference; explicitFileType = wrapper.application; includeInIndex = 0; path = HowLeft.app; sourceTree = BUILT_PRODUCTS_DIR; };
/* End PBXFileReference section */

/* Begin PBXFrameworksBuildPhase section */
		A40000000000000000000001 /* Frameworks */ = {
			isa = PBXFrameworksBuildPhase;
			buildActionMask = 2147483647;
			files = (
			);
			runOnlyForDeploymentPostprocessing = 0;
		};
/* End PBXFrameworksBuildPhase section */

/* Begin PBXGroup section */
		A50000000000000000000001 /* = */ = {
			isa = PBXGroup;
			children = (
				A50000000000000000000002 /* HowLeft */,
				A50000000000000000000003 /* Products */,
			);
			sourceTree = "<group>";
		};
		A50000000000000000000002 /* HowLeft */ = {
			isa = PBXGroup;
			children = (
				A20000000000000000000001 /* HowLeftApp.swift */,
				A50000000000000000000004 /* App */,
				A50000000000000000000005 /* Models */,
				A50000000000000000000006 /* Core */,
				A50000000000000000000007 /* Features */,
				A20000000000000000000010 /* Assets.xcassets */,
				A20000000000000000000011 /* AppIcon.icns */,
				A2000000000000000000000E /* Info.plist */,
				A2000000000000000000000F /* HowLeft.entitlements */,
			);
			path = HowLeft;
			sourceTree = "<group>";
		};
		A50000000000000000000003 /* Products */ = {
			isa = PBXGroup;
			children = (
				A30000000000000000000001 /* HowLeft.app */,
			);
			name = Products;
			sourceTree = "<group>";
		};
		A50000000000000000000004 /* App */ = {
			isa = PBXGroup;
			children = (
				A20000000000000000000002 /* AppState.swift */,
			);
			path = App;
			sourceTree = "<group>";
		};
		A50000000000000000000005 /* Models */ = {
			isa = PBXGroup;
			children = (
				A20000000000000000000003 /* Account.swift */,
			);
			path = Models;
			sourceTree = "<group>";
		};
		A50000000000000000000006 /* Core */ = {
			isa = PBXGroup;
			children = (
				A50000000000000000000008 /* Networking */,
				A50000000000000000000009 /* Storage */,
				A5000000000000000000000A /* Polling */,
				A5000000000000000000000B /* Notifications */,
			);
			path = Core;
			sourceTree = "<group>";
		};
		A50000000000000000000007 /* Features */ = {
			isa = PBXGroup;
			children = (
				A5000000000000000000000C /* MenuBar */,
				A5000000000000000000000D /* Popup */,
				A5000000000000000000000E /* Settings */,
			);
			path = Features;
			sourceTree = "<group>";
		};
		A50000000000000000000008 /* Networking */ = {
			isa = PBXGroup;
			children = (
				A20000000000000000000004 /* DeepSeekClient.swift */,
				A20000000000000000000005 /* BalanceResponse.swift */,
				A20000000000000000000006 /* DeepSeekError.swift */,
			);
			path = Networking;
			sourceTree = "<group>";
		};
		A50000000000000000000009 /* Storage */ = {
			isa = PBXGroup;
			children = (
				A20000000000000000000007 /* KeychainStore.swift */,
				A20000000000000000000008 /* AppSettings.swift */,
			);
			path = Storage;
			sourceTree = "<group>";
		};
		A5000000000000000000000A /* Polling */ = {
			isa = PBXGroup;
			children = (
				A20000000000000000000009 /* BalancePoller.swift */,
			);
			path = Polling;
			sourceTree = "<group>";
		};
		A5000000000000000000000B /* Notifications */ = {
			isa = PBXGroup;
			children = (
				A2000000000000000000000A /* NotificationManager.swift */,
			);
			path = Notifications;
			sourceTree = "<group>";
		};
		A5000000000000000000000C /* MenuBar */ = {
			isa = PBXGroup;
			children = (
				A2000000000000000000000B /* MenuBarView.swift */,
			);
			path = MenuBar;
			sourceTree = "<group>";
		};
		A5000000000000000000000D /* Popup */ = {
			isa = PBXGroup;
			children = (
				A2000000000000000000000C /* PopupView.swift */,
			);
			path = Popup;
			sourceTree = "<group>";
		};
		A5000000000000000000000E /* Settings */ = {
			isa = PBXGroup;
			children = (
				A2000000000000000000000D /* SettingsView.swift */,
			);
			path = Settings;
			sourceTree = "<group>";
		};
/* End PBXGroup section */

/* Begin PBXNativeTarget section */
		A60000000000000000000001 /* HowLeft */ = {
			isa = PBXNativeTarget;
			buildConfigurationList = A80000000000000000000003 /* Build configuration list for PBXNativeTarget "HowLeft" */;
			buildPhases = (
				A40000000000000000000002 /* Sources */,
				A40000000000000000000001 /* Frameworks */,
				A40000000000000000000003 /* Resources */,
			);
			buildRules = (
			);
			dependencies = (
			);
			name = HowLeft;
			productName = HowLeft;
			productReference = A30000000000000000000001 /* HowLeft.app */;
			productType = "com.apple.product-type.application";
		};
/* End PBXNativeTarget section */

/* Begin PBXProject section */
		A70000000000000000000001 /* Project object */ = {
			isa = PBXProject;
			attributes = {
				BuildIndependentTargetsInParallel = 1;
				LastSwiftUpdateCheck = 1500;
				LastUpgradeCheck = 1500;
			};
			buildConfigurationList = A80000000000000000000001 /* Build configuration list for PBXProject */;
			compatibilityVersion = "Xcode 14.0";
			developmentRegion = zh_CN;
			hasScannedForEncodings = 0;
			knownRegions = (
				zh_CN,
				Base,
			);
			mainGroup = A50000000000000000000001 /* = */;
			productRefGroup = A50000000000000000000003 /* Products */;
			projectDirPath = "";
			projectRoot = "";
			targets = (
				A60000000000000000000001 /* HowLeft */,
			);
		};
/* End PBXProject section */

/* Begin PBXResourcesBuildPhase section */
		A40000000000000000000003 /* Resources */ = {
			isa = PBXResourcesBuildPhase;
			buildActionMask = 2147483647;
			files = (
				A1000000000000000000000E /* Assets.xcassets in Resources */,
				A1000000000000000000000F /* AppIcon.icns in Resources */,
			);
			runOnlyForDeploymentPostprocessing = 0;
		};
/* End PBXResourcesBuildPhase section */

/* Begin PBXSourcesBuildPhase section */
		A40000000000000000000002 /* Sources */ = {
			isa = PBXSourcesBuildPhase;
			buildActionMask = 2147483647;
			files = (
				A10000000000000000000001 /* HowLeftApp.swift in Sources */,
				A10000000000000000000002 /* AppState.swift in Sources */,
				A10000000000000000000003 /* Account.swift in Sources */,
				A10000000000000000000004 /* DeepSeekClient.swift in Sources */,
				A10000000000000000000005 /* BalanceResponse.swift in Sources */,
				A10000000000000000000006 /* DeepSeekError.swift in Sources */,
				A10000000000000000000007 /* KeychainStore.swift in Sources */,
				A10000000000000000000008 /* AppSettings.swift in Sources */,
				A10000000000000000000009 /* BalancePoller.swift in Sources */,
				A1000000000000000000000A /* NotificationManager.swift in Sources */,
				A1000000000000000000000B /* MenuBarView.swift in Sources */,
				A1000000000000000000000C /* PopupView.swift in Sources */,
				A1000000000000000000000D /* SettingsView.swift in Sources */,
			);
			runOnlyForDeploymentPostprocessing = 0;
		};
/* End PBXSourcesBuildPhase section */

/* Begin XCBuildConfiguration section */
		A90000000000000000000001 /* Debug */ = {
			isa = XCBuildConfiguration;
			buildSettings = {
				ALWAYS_SEARCH_USER_PATHS = NO;
				CLANG_ENABLE_OBJC_ARC = YES;
				CLANG_ENABLE_MODULES = YES;
				COPY_PHASE_STRIP = NO;
				DEBUG_INFORMATION_FORMAT = dwarf;
				ENABLE_STRICT_OBJC_MSGSEND = YES;
				ENABLE_TESTABILITY = YES;
				GCC_OPTIMIZATION_LEVEL = 0;
				GCC_PREPROCESSOR_DEFINITIONS = (
					"DEBUG=1",
					"$(inherited)",
				);
				MACOSX_DEPLOYMENT_TARGET = 13.0;
				ONLY_ACTIVE_ARCH = YES;
				SDKROOT = macosx;
				SWIFT_ACTIVE_COMPILATION_CONDITIONS = DEBUG;
				SWIFT_OPTIMIZATION_LEVEL = "-Onone";
			};
			name = Debug;
		};
		A90000000000000000000002 /* Release */ = {
			isa = XCBuildConfiguration;
			buildSettings = {
				ALWAYS_SEARCH_USER_PATHS = NO;
				CLANG_ENABLE_OBJC_ARC = YES;
				CLANG_ENABLE_MODULES = YES;
				COPY_PHASE_STRIP = NO;
				DEBUG_INFORMATION_FORMAT = "dwarf-with-dsym";
				ENABLE_NS_ASSERTIONS = NO;
				ENABLE_STRICT_OBJC_MSGSEND = YES;
				GCC_OPTIMIZATION_LEVEL = s;
				MACOSX_DEPLOYMENT_TARGET = 13.0;
				SDKROOT = macosx;
				SWIFT_COMPILATION_MODE = wholemodule;
				SWIFT_OPTIMIZATION_LEVEL = "-O";
			};
			name = Release;
		};
		A90000000000000000000003 /* Debug */ = {
			isa = XCBuildConfiguration;
			buildSettings = {
				ASSETCATALOG_COMPILER_APPICON_NAME = AppIcon;
				CLANG_ENABLE_MODULES = YES;
				CODE_SIGN_ENTITLEMENTS = HowLeft/HowLeft.entitlements;
				CODE_SIGN_STYLE = Automatic;
				COMBINE_HIDPI_IMAGES = YES;
				ENABLE_HARDENED_RUNTIME = YES;
				GENERATE_INFOPLIST_FILE = NO;
				INFOPLIST_FILE = HowLeft/Info.plist;
				INFOPLIST_KEY_LSApplicationCategoryType = "public.app-category.utilities";
				LD_RUNPATH_SEARCH_PATHS = (
					"$(inherited)",
					"@executable_path/../Frameworks",
				);
				MACOSX_DEPLOYMENT_TARGET = 13.0;
				PRODUCT_BUNDLE_IDENTIFIER = com.howleft.app;
				PRODUCT_NAME = "$(TARGET_NAME)";
				SWIFT_EMIT_LOC_STRINGS = YES;
				SWIFT_VERSION = 5.0;
			};
			name = Debug;
		};
		A90000000000000000000004 /* Release */ = {
			isa = XCBuildConfiguration;
			buildSettings = {
				ASSETCATALOG_COMPILER_APPICON_NAME = AppIcon;
				CLANG_ENABLE_MODULES = YES;
				CODE_SIGN_ENTITLEMENTS = HowLeft/HowLeft.entitlements;
				CODE_SIGN_STYLE = Automatic;
				COMBINE_HIDPI_IMAGES = YES;
				ENABLE_HARDENED_RUNTIME = YES;
				GENERATE_INFOPLIST_FILE = NO;
				INFOPLIST_FILE = HowLeft/Info.plist;
				INFOPLIST_KEY_LSApplicationCategoryType = "public.app-category.utilities";
				LD_RUNPATH_SEARCH_PATHS = (
					"$(inherited)",
					"@executable_path/../Frameworks",
				);
				MACOSX_DEPLOYMENT_TARGET = 13.0;
				PRODUCT_BUNDLE_IDENTIFIER = com.howleft.app;
				PRODUCT_NAME = "$(TARGET_NAME)";
				SWIFT_EMIT_LOC_STRINGS = YES;
				SWIFT_VERSION = 5.0;
			};
			name = Release;
		};
/* End XCBuildConfiguration section */

/* Begin XCConfigurationList section */
		A80000000000000000000001 /* Build configuration list for PBXProject */ = {
			isa = XCConfigurationList;
			buildConfigurations = (
				A90000000000000000000001 /* Debug */,
				A90000000000000000000002 /* Release */,
			);
			defaultConfigurationIsVisible = 0;
			defaultConfigurationName = Release;
		};
		A80000000000000000000003 /* Build configuration list for PBXNativeTarget "HowLeft" */ = {
			isa = XCConfigurationList;
			buildConfigurations = (
				A90000000000000000000003 /* Debug */,
				A90000000000000000000004 /* Release */,
			);
			defaultConfigurationIsVisible = 0;
			defaultConfigurationName = Release;
		};
/* End XCConfigurationList section */

	};
	rootObject = A70000000000000000000001 /* Project object */;
}
